
Microsoft Visual Studio Solution File, Format Version 12.00
# Visual Studio Version 17
VisualStudioVersion = 17.0.31912.275
MinimumVisualStudioVersion = 10.0.40219.1
Project("{9A19103F-16F7-4668-BE54-9A1E7A4F7556}") = "UnsafeRuntime", "UnsafeRuntime\UnsafeRuntime.csproj", "{66D535EB-2199-4A92-BFAB-CBE02CE72185}"
	ProjectSection(ProjectDependencies) = postProject
		{ED7BA7BB-1864-4171-972B-BCBD68302921} = {ED7BA7BB-1864-4171-972B-BCBD68302921}
	EndProjectSection
EndProject
Project("{FAE04EC0-301F-11D3-BF4B-00C04F79EFBC}") = "UnsafeRuntimeILRewriter", "UnsafeRuntimeILRewriter\UnsafeRuntimeILRewriter.csproj", "{ED7BA7BB-1864-4171-972B-BCBD68302921}"
EndProject
Global
	GlobalSection(SolutionConfigurationPlatforms) = preSolution
		Debug|Any CPU = Debug|Any CPU
		Release|Any CPU = Release|Any CPU
	EndGlobalSection
	GlobalSection(ProjectConfigurationPlatforms) = postSolution
		{66D535EB-2199-4A92-BFAB-CBE02CE72185}.Debug|Any CPU.ActiveCfg = Debug|Any CPU
		{66D535EB-2199-4A92-BFAB-CBE02CE72185}.Debug|Any CPU.Build.0 = Debug|Any CPU
		{66D535EB-2199-4A92-BFAB-CBE02CE72185}.Release|Any CPU.ActiveCfg = Release|Any CPU
		{66D535EB-2199-4A92-BFAB-CBE02CE72185}.Release|Any CPU.Build.0 = Release|Any CPU
		{ED7BA7BB-1864-4171-972B-BCBD68302921}.Debug|Any CPU.ActiveCfg = Debug|Any CPU
		{ED7BA7BB-1864-4171-972B-BCBD68302921}.Debug|Any CPU.Build.0 = Debug|Any CPU
		{ED7BA7BB-1864-4171-972B-BCBD68302921}.Release|Any CPU.ActiveCfg = Release|Any CPU
		{ED7BA7BB-1864-4171-972B-BCBD68302921}.Release|Any CPU.Build.0 = Release|Any CPU
	EndGlobalSection
	GlobalSection(SolutionProperties) = preSolution
		HideSolutionNode = FALSE
	EndGlobalSection
	GlobalSection(ExtensibilityGlobals) = postSolution
		SolutionGuid = {789C5031-8505-40E6-ABD9-2E73C30EA60A}
	EndGlobalSection
EndGlobal
